// !$*UTF8*$!
{
	archiveVersion = 1;
	classes = {
	};
	objectVersion = 77;
	objects = {

/* Begin PBXContainerItemProxy section */
		297A0F8B2CFE09C40053EF7B /* PBXContainerItemProxy */ = {
			isa = PBXContainerItemProxy;
			containerPortal = 297A0F722CFE09C20053EF7B /* Project object */;
			proxyType = 1;
			remoteGlobalIDString = 297A0F792CFE09C20053EF7B;
			remoteInfo = GatherMultipleSingletons;
		};
		297A0F952CFE09C40053EF7B /* PBXContainerItemProxy */ = {
			isa = PBXContainerItemProxy;
			containerPortal = 297A0F722CFE09C20053EF7B /* Project object */;
			proxyType = 1;
			remoteGlobalIDString = 297A0F792CFE09C20053EF7B;
			remoteInfo = GatherMultipleSingletons;
		};
/* End PBXContainerItemProxy section */

/* Begin PBXFileReference section */
		297A0F7A2CFE09C20053EF7B /* GatherMultipleSingletons.app */ = {isa = PBXFileReference; explicitFileType = wrapper.application; includeInIndex = 0; path = GatherMultipleSingletons.app; sourceTree = BUILT_PRODUCTS_DIR; };
		297A0F8A2CFE09C40053EF7B /* GatherMultipleSingletonsTests.xctest */ = {isa = PBXFileReference; explicitFileType = wrapper.cfbundle; includeInIndex = 0; path = GatherMultipleSingletonsTests.xctest; sourceTree = BUILT_PRODUCTS_DIR; };
		297A0F942CFE09C40053EF7B /* GatherMultipleSingletonsUITests.xctest */ = {isa = PBXFileReference; explicitFileType = wrapper.cfbundle; includeInIndex = 0; path = GatherMultipleSingletonsUITests.xctest; sourceTree = BUILT_PRODUCTS_DIR; };
/* End PBXFileReference section */

/* Begin PBXFileSystemSynchronizedRootGroup section */
		297A0F7C2CFE09C20053EF7B /* GatherMultipleSingletons */ = {
			isa = PBXFileSystemSynchronizedRootGroup;
			path = GatherMultipleSingletons;
			sourceTree = "<group>";
		};
		297A0F8D2CFE09C40053EF7B /* GatherMultipleSingletonsTests */ = {
			isa = PBXFileSystemSynchronizedRootGroup;
			path = GatherMultipleSingletonsTests;
			sourceTree = "<group>";
		};
		297A0F972CFE09C40053EF7B /* GatherMultipleSingletonsUITests */ = {
			isa = PBXFileSystemSynchronizedRootGroup;
			path = GatherMultipleSingletonsUITests;
			sourceTree = "<group>";
		};
/* End PBXFileSystemSynchronizedRootGroup section */

/* Begin PBXFrameworksBuildPhase section */
		297A0F772CFE09C20053EF7B /* Frameworks */ = {
			isa = PBXFrameworksBuildPhase;
			buildActionMask = 2147483647;
			files = (
			);
			runOnlyForDeploymentPostprocessing = 0;
		};
		297A0F872CFE09C40053EF7B /* Frameworks */ = {
			isa = PBXFrameworksBuildPhase;
			buildActionMask = 2147483647;
			files = (
			);
			runOnlyForDeploymentPostprocessing = 0;
		};
		297A0F912CFE09C40053EF7B /* Frameworks */ = {
			isa = PBXFrameworksBuildPhase;
			buildActionMask = 2147483647;
			files = (
			);
			runOnlyForDeploymentPostprocessing = 0;
		};
/* End PBXFrameworksBuildPhase section */

/* Begin PBXGroup section */
		297A0F712CFE09C20053EF7B = {
			isa = PBXGroup;
			children = (
				297A0F7C2CFE09C20053EF7B /* GatherMultipleSingletons */,
				297A0F8D2CFE09C40053EF7B /* GatherMultipleSingletonsTests */,
				297A0F972CFE09C40053EF7B /* GatherMultipleSingletonsUITests */,
				297A0F7B2CFE09C20053EF7B /* Products */,
			);
			sourceTree = "<group>";
		};
		297A0F7B2CFE09C20053EF7B /* Products */ = {
			isa = PBXGroup;
			children = (
				297A0F7A2CFE09C20053EF7B /* GatherMultipleSingletons.app */,
				297A0F8A2CFE09C40053EF7B /* GatherMultipleSingletonsTests.xctest */,
				297A0F942CFE09C40053EF7B /* GatherMultipleSingletonsUITests.xctest */,
			);
			name = Products;
			sourceTree = "<group>";
		};
/* End PBXGroup section */

/* Begin PBXNativeTarget section */
		297A0F792CFE09C20053EF7B /* GatherMultipleSingletons */ = {
			isa = PBXNativeTarget;
			buildConfigurationList = 297A0F9E2CFE09C40053EF7B /* Build configuration list for PBXNativeTarget "GatherMultipleSingletons" */;
			buildPhases = (
				297A0F762CFE09C20053EF7B /* Sources */,
				297A0F772CFE09C20053EF7B /* Frameworks */,
				297A0F782CFE09C20053EF7B /* Resources */,
			);
			buildRules = (
			);
			dependencies = (
			);
			fileSystemSynchronizedGroups = (
				297A0F7C2CFE09C20053EF7B /* GatherMultipleSingletons */,
			);
			name = GatherMultipleSingletons;
			packageProductDependencies = (
			);
			productName = GatherMultipleSingletons;
			productReference = 297A0F7A2CFE09C20053EF7B /* GatherMultipleSingletons.app */;
			productType = "com.apple.product-type.application";
		};
		297A0F892CFE09C40053EF7B /* GatherMultipleSingletonsTests */ = {
			isa = PBXNativeTarget;
			buildConfigurationList = 297A0FA12CFE09C40053EF7B /* Build configuration list for PBXNativeTarget "GatherMultipleSingletonsTests" */;
			buildPhases = (
				297A0F862CFE09C40053EF7B /* Sources */,
				297A0F872CFE09C40053EF7B /* Frameworks */,
				297A0F882CFE09C40053EF7B /* Resources */,
			);
			buildRules = (
			);
			dependencies = (
				297A0F8C2CFE09C40053EF7B /* PBXTargetDependency */,
			);
			fileSystemSynchronizedGroups = (
				297A0F8D2CFE09C40053EF7B /* GatherMultipleSingletonsTests */,
			);
			name = GatherMultipleSingletonsTests;
			packageProductDependencies = (
			);
			productName = GatherMultipleSingletonsTests;
			productReference = 297A0F8A2CFE09C40053EF7B /* GatherMultipleSingletonsTests.xctest */;
			productType = "com.apple.product-type.bundle.unit-test";
		};
		297A0F932CFE09C40053EF7B /* GatherMultipleSingletonsUITests */ = {
			isa = PBXNativeTarget;
			buildConfigurationList = 297A0FA42CFE09C40053EF7B /* Build configuration list for PBXNativeTarget "GatherMultipleSingletonsUITests" */;
			buildPhases = (
				297A0F902CFE09C40053EF7B /* Sources */,
				297A0F912CFE09C40053EF7B /* Frameworks */,
				297A0F922CFE09C40053EF7B /* Resources */,
			);
			buildRules = (
			);
			dependencies = (
				297A0F962CFE09C40053EF7B /* PBXTargetDependency */,
			);
			fileSystemSynchronizedGroups = (
				297A0F972CFE09C40053EF7B /* GatherMultipleSingletonsUITests */,
			);
			name = GatherMultipleSingletonsUITests;
			packageProductDependencies = (
			);
			productName = GatherMultipleSingletonsUITests;
			productReference = 297A0F942CFE09C40053EF7B /* GatherMultipleSingletonsUITests.xctest */;
			productType = "com.apple.product-type.bundle.ui-testing";
		};
/* End PBXNativeTarget section */

/* Begin PBXProject section */
		297A0F722CFE09C20053EF7B /* Project object */ = {
			isa = PBXProject;
			attributes = {
				BuildIndependentTargetsInParallel = 1;
				LastSwiftUpdateCheck = 1600;
				LastUpgradeCheck = 1600;
				TargetAttributes = {
					297A0F792CFE09C20053EF7B = {
						CreatedOnToolsVersion = 16.0;
					};
					297A0F892CFE09C40053EF7B = {
						CreatedOnToolsVersion = 16.0;
						TestTargetID = 297A0F792CFE09C20053EF7B;
					};
					297A0F932CFE09C40053EF7B = {
						CreatedOnToolsVersion = 16.0;
						TestTargetID = 297A0F792CFE09C20053EF7B;
					};
				};
			};
			buildConfigurationList = 297A0F752CFE09C20053EF7B /* Build configuration list for PBXProject "GatherMultipleSingletons" */;
			developmentRegion = en;
			hasScannedForEncodings = 0;
			knownRegions = (
				en,
				Base,
			);
			mainGroup = 297A0F712CFE09C20053EF7B;
			minimizedProjectReferenceProxies = 1;
			preferredProjectObjectVersion = 77;
			productRefGroup = 297A0F7B2CFE09C20053EF7B /* Products */;
			projectDirPath = "";
			projectRoot = "";
			targets = (
				297A0F792CFE09C20053EF7B /* GatherMultipleSingletons */,
				297A0F892CFE09C40053EF7B /* GatherMultipleSingletonsTests */,
				297A0F932CFE09C40053EF7B /* GatherMultipleSingletonsUITests */,
			);
		};
/* End PBXProject section */

/* Begin PBXResourcesBuildPhase section */
		297A0F782CFE09C20053EF7B /* Resources */ = {
			isa = PBXResourcesBuildPhase;
			buildActionMask = 2147483647;
			files = (
			);
			runOnlyForDeploymentPostprocessing = 0;
		};
		297A0F882CFE09C40053EF7B /* Resources */ = {
			isa = PBXResourcesBuildPhase;
			buildActionMask = 2147483647;
			files = (
			);
			runOnlyForDeploymentPostprocessing = 0;
		};
		297A0F922CFE09C40053EF7B /* Resources */ = {
			isa = PBXResourcesBuildPhase;
			buildActionMask = 2147483647;
			files = (
			);
			runOnlyForDeploymentPostprocessing = 0;
		};
/* End PBXResourcesBuildPhase section */

/* Begin PBXSourcesBuildPhase section */
		297A0F762CFE09C20053EF7B /* Sources */ = {
			isa = PBXSourcesBuildPhase;
			buildActionMask = 2147483647;
			files = (
			);
			runOnlyForDeploymentPostprocessing = 0;
		};
		297A0F862CFE09C40053EF7B /* Sources */ = {
			isa = PBXSourcesBuildPhase;
			buildActionMask = 2147483647;
			files = (
			);
			runOnlyForDeploymentPostprocessing = 0;
		};
		297A0F902CFE09C40053EF7B /* Sources */ = {
			isa = PBXSourcesBuildPhase;
			buildActionMask = 2147483647;
			files = (
			);
			runOnlyForDeploymentPostprocessing = 0;
		};
/* End PBXSourcesBuildPhase section */

/* Begin PBXTargetDependency section */
		297A0F8C2CFE09C40053EF7B /* PBXTargetDependency */ = {
			isa = PBXTargetDependency;
			target = 297A0F792CFE09C20053EF7B /* GatherMultipleSingletons */;
			targetProxy = 297A0F8B2CFE09C40053EF7B /* PBXContainerItemProxy */;
		};
		297A0F962CFE09C40053EF7B /* PBXTargetDependency */ = {
			isa = PBXTargetDependency;
			target = 297A0F792CFE09C20053EF7B /* GatherMultipleSingletons */;
			targetProxy = 297A0F952CFE09C40053EF7B /* PBXContainerItemProxy */;
		};
/* End PBXTargetDependency section */

/* Begin XCBuildConfiguration section */
		297A0F9C2CFE09C40053EF7B /* Debug */ = {
			isa = XCBuildConfiguration;
			buildSettings = {
				ALWAYS_SEARCH_USER_PATHS = NO;
				ASSETCATALOG_COMPILER_GENERATE_SWIFT_ASSET_SYMBOL_EXTENSIONS = YES;
				CLANG_ANALYZER_NONNULL = YES;
				CLANG_ANALYZER_NUMBER_OBJECT_CONVERSION = YES_AGGRESSIVE;
				CLANG_CXX_LANGUAGE_STANDARD = "gnu++20";
				CLANG_ENABLE_MODULES = YES;
				CLANG_ENABLE_OBJC_ARC = YES;
				CLANG_ENABLE_OBJC_WEAK = YES;
				CLANG_WARN_BLOCK_CAPTURE_AUTORELEASING = YES;
				CLANG_WARN_BOOL_CONVERSION = YES;
				CLANG_WARN_COMMA = YES;
				CLANG_WARN_CONSTANT_CONVERSION = YES;
				CLANG_WARN_DEPRECATED_OBJC_IMPLEMENTATIONS = YES;
				CLANG_WARN_DIRECT_OBJC_ISA_USAGE = YES_ERROR;
				CLANG_WARN_DOCUMENTATION_COMMENTS = YES;
				CLANG_WARN_EMPTY_BODY = YES;
				CLANG_WARN_ENUM_CONVERSION = YES;
				CLANG_WARN_INFINITE_RECURSION = YES;
				CLANG_WARN_INT_CONVERSION = YES;
				CLANG_WARN_NON_LITERAL_NULL_CONVERSION = YES;
				CLANG_WARN_OBJC_IMPLICIT_RETAIN_SELF = YES;
				CLANG_WARN_OBJC_LITERAL_CONVERSION = YES;
				CLANG_WARN_OBJC_ROOT_CLASS = YES_ERROR;
				CLANG_WARN_QUOTED_INCLUDE_IN_FRAMEWORK_HEADER = YES;
				CLANG_WARN_RANGE_LOOP_ANALYSIS = YES;
				CLANG_WARN_STRICT_PROTOTYPES = YES;
				CLANG_WARN_SUSPICIOUS_MOVE = YES;
				CLANG_WARN_UNGUARDED_AVAILABILITY = YES_AGGRESSIVE;
				CLANG_WARN_UNREACHABLE_CODE = YES;
				CLANG_WARN__DUPLICATE_METHOD_MATCH = YES;
				COPY_PHASE_STRIP = NO;
				DEBUG_INFORMATION_FORMAT = dwarf;
				ENABLE_STRICT_OBJC_MSGSEND = YES;
				ENABLE_TESTABILITY = YES;
				ENABLE_USER_SCRIPT_SANDBOXING = YES;
				GCC_C_LANGUAGE_STANDARD = gnu17;
				GCC_DYNAMIC_NO_PIC = NO;
				GCC_NO_COMMON_BLOCKS = YES;
				GCC_OPTIMIZATION_LEVEL = 0;
				GCC_PREPROCESSOR_DEFINITIONS = (
					"DEBUG=1",
					"$(inherited)",
				);
				GCC_WARN_64_TO_32_BIT_CONVERSION = YES;
				GCC_WARN_ABOUT_RETURN_TYPE = YES_ERROR;
				GCC_WARN_UNDECLARED_SELECTOR = YES;
				GCC_WARN_UNINITIALIZED_AUTOS = YES_AGGRESSIVE;
				GCC_WARN_UNUSED_FUNCTION = YES;
				GCC_WARN_UNUSED_VARIABLE = YES;
				IPHONEOS_DEPLOYMENT_TARGET = 18.0;
				LOCALIZATION_PREFERS_STRING_CATALOGS = YES;
				MTL_ENABLE_DEBUG_INFO = INCLUDE_SOURCE;
				MTL_FAST_MATH = YES;
				ONLY_ACTIVE_ARCH = YES;
				SDKROOT = iphoneos;
				SWIFT_ACTIVE_COMPILATION_CONDITIONS = "DEBUG $(inherited)";
				SWIFT_OPTIMIZATION_LEVEL = "-Onone";
			};
			name = Debug;
		};
		297A0F9D2CFE09C40053EF7B /* Release */ = {
			isa = XCBuildConfiguration;
			buildSettings = {
				ALWAYS_SEARCH_USER_PATHS = NO;
				ASSETCATALOG_COMPILER_GENERATE_SWIFT_ASSET_SYMBOL_EXTENSIONS = YES;
				CLANG_ANALYZER_NONNULL = YES;
				CLANG_ANALYZER_NUMBER_OBJECT_CONVERSION = YES_AGGRESSIVE;
				CLANG_CXX_LANGUAGE_STANDARD = "gnu++20";
				CLANG_ENABLE_MODULES = YES;
				CLANG_ENABLE_OBJC_ARC = YES;
				CLANG_ENABLE_OBJC_WEAK = YES;
				CLANG_WARN_BLOCK_CAPTURE_AUTORELEASING = YES;
				CLANG_WARN_BOOL_CONVERSION = YES;
				CLANG_WARN_COMMA = YES;
				CLANG_WARN_CONSTANT_CONVERSION = YES;
				CLANG_WARN_DEPRECATED_OBJC_IMPLEMENTATIONS = YES;
				CLANG_WARN_DIRECT_OBJC_ISA_USAGE = YES_ERROR;
				CLANG_WARN_DOCUMENTATION_COMMENTS = YES;
				CLANG_WARN_EMPTY_BODY = YES;
				CLANG_WARN_ENUM_CONVERSION = YES;
				CLANG_WARN_INFINITE_RECURSION = YES;
				CLANG_WARN_INT_CONVERSION = YES;
				CLANG_WARN_NON_LITERAL_NULL_CONVERSION = YES;
				CLANG_WARN_OBJC_IMPLICIT_RETAIN_SELF = YES;
				CLANG_WARN_OBJC_LITERAL_CONVERSION = YES;
				CLANG_WARN_OBJC_ROOT_CLASS = YES_ERROR;
				CLANG_WARN_QUOTED_INCLUDE_IN_FRAMEWORK_HEADER = YES;
				CLANG_WARN_RANGE_LOOP_ANALYSIS = YES;
				CLANG_WARN_STRICT_PROTOTYPES = YES;
				CLANG_WARN_SUSPICIOUS_MOVE = YES;
				CLANG_WARN_UNGUARDED_AVAILABILITY = YES_AGGRESSIVE;
				CLANG_WARN_UNREACHABLE_CODE = YES;
				CLANG_WARN__DUPLICATE_METHOD_MATCH = YES;
				COPY_PHASE_STRIP = NO;
				DEBUG_INFORMATION_FORMAT = "dwarf-with-dsym";
				ENABLE_NS_ASSERTIONS = NO;
				ENABLE_STRICT_OBJC_MSGSEND = YES;
				ENABLE_USER_SCRIPT_SANDBOXING = YES;
				GCC_C_LANGUAGE_STANDARD = gnu17;
				GCC_NO_COMMON_BLOCKS = YES;
				GCC_WARN_64_TO_32_BIT_CONVERSION = YES;
				GCC_WARN_ABOUT_RETURN_TYPE = YES_ERROR;
				GCC_WARN_UNDECLARED_SELECTOR = YES;
				GCC_WARN_UNINITIALIZED_AUTOS = YES_AGGRESSIVE;
				GCC_WARN_UNUSED_FUNCTION = YES;
				GCC_WARN_UNUSED_VARIABLE = YES;
				IPHONEOS_DEPLOYMENT_TARGET = 18.0;
				LOCALIZATION_PREFERS_STRING_CATALOGS = YES;
				MTL_ENABLE_DEBUG_INFO = NO;
				MTL_FAST_MATH = YES;
				SDKROOT = iphoneos;
				SWIFT_COMPILATION_MODE = wholemodule;
				VALIDATE_PRODUCT = YES;
			};
			name = Release;
		};
		297A0F9F2CFE09C40053EF7B /* Debug */ = {
			isa = XCBuildConfiguration;
			buildSettings = {
				ASSETCATALOG_COMPILER_APPICON_NAME = AppIcon;
				ASSETCATALOG_COMPILER_GLOBAL_ACCENT_COLOR_NAME = AccentColor;
				CODE_SIGN_STYLE = Automatic;
				CURRENT_PROJECT_VERSION = 1;
				DEVELOPMENT_ASSET_PATHS = "\"GatherMultipleSingletons/Preview Content\"";
				DEVELOPMENT_TEAM = 7ZPDPWR8XU;
				ENABLE_PREVIEWS = YES;
				GENERATE_INFOPLIST_FILE = YES;
				INFOPLIST_KEY_UIApplicationSceneManifest_Generation = YES;
				INFOPLIST_KEY_UIApplicationSupportsIndirectInputEvents = YES;
				INFOPLIST_KEY_UILaunchScreen_Generation = YES;
				INFOPLIST_KEY_UISupportedInterfaceOrientations_iPad = "UIInterfaceOrientationPortrait UIInterfaceOrientationPortraitUpsideDown UIInterfaceOrientationLandscapeLeft UIInterfaceOrientationLandscapeRight";
				INFOPLIST_KEY_UISupportedInterfaceOrientations_iPhone = "UIInterfaceOrientationPortrait UIInterfaceOrientationLandscapeLeft UIInterfaceOrientationLandscapeRight";
				LD_RUNPATH_SEARCH_PATHS = (
					"$(inherited)",
					"@executable_path/Frameworks",
				);
				MARKETING_VERSION = 1.0;
				PRODUCT_BUNDLE_IDENTIFIER = jca.GatherMultipleSingletons;
				PRODUCT_NAME = "$(TARGET_NAME)";
				SWIFT_EMIT_LOC_STRINGS = YES;
				SWIFT_VERSION = 5.0;
				TARGETED_DEVICE_FAMILY = "1,2";
			};
			name = Debug;
		};
		297A0FA02CFE09C40053EF7B /* Release */ = {
			isa = XCBuildConfiguration;
			buildSettings = {
				ASSETCATALOG_COMPILER_APPICON_NAME = AppIcon;
				ASSETCATALOG_COMPILER_GLOBAL_ACCENT_COLOR_NAME = AccentColor;
				CODE_SIGN_STYLE = Automatic;
				CURRENT_PROJECT_VERSION = 1;
				DEVELOPMENT_ASSET_PATHS = "\"GatherMultipleSingletons/Preview Content\"";
				DEVELOPMENT_TEAM = 7ZPDPWR8XU;
				ENABLE_PREVIEWS = YES;
				GENERATE_INFOPLIST_FILE = YES;
				INFOPLIST_KEY_UIApplicationSceneManifest_Generation = YES;
				INFOPLIST_KEY_UIApplicationSupportsIndirectInputEvents = YES;
				INFOPLIST_KEY_UILaunchScreen_Generation = YES;
				INFOPLIST_KEY_UISupportedInterfaceOrientations_iPad = "UIInterfaceOrientationPortrait UIInterfaceOrientationPortraitUpsideDown UIInterfaceOrientationLandscapeLeft UIInterfaceOrientationLandscapeRight";
				INFOPLIST_KEY_UISupportedInterfaceOrientations_iPhone = "UIInterfaceOrientationPortrait UIInterfaceOrientationLandscapeLeft UIInterfaceOrientationLandscapeRight";
				LD_RUNPATH_SEARCH_PATHS = (
					"$(inherited)",
					"@executable_path/Frameworks",
				);
				MARKETING_VERSION = 1.0;
				PRODUCT_BUNDLE_IDENTIFIER = jca.GatherMultipleSingletons;
				PRODUCT_NAME = "$(TARGET_NAME)";
				SWIFT_EMIT_LOC_STRINGS = YES;
				SWIFT_VERSION = 5.0;
				TARGETED_DEVICE_FAMILY = "1,2";
			};
			name = Release;
		};
		297A0FA22CFE09C40053EF7B /* Debug */ = {
			isa = XCBuildConfiguration;
			buildSettings = {
				BUNDLE_LOADER = "$(TEST_HOST)";
				CODE_SIGN_STYLE = Automatic;
				CURRENT_PROJECT_VERSION = 1;
				DEVELOPMENT_TEAM = 7ZPDPWR8XU;
				GENERATE_INFOPLIST_FILE = YES;
				IPHONEOS_DEPLOYMENT_TARGET = 18.0;
				MARKETING_VERSION = 1.0;
				PRODUCT_BUNDLE_IDENTIFIER = jca.GatherMultipleSingletonsTests;
				PRODUCT_NAME = "$(TARGET_NAME)";
				SWIFT_EMIT_LOC_STRINGS = NO;
				SWIFT_VERSION = 5.0;
				TARGETED_DEVICE_FAMILY = "1,2";
				TEST_HOST = "$(BUILT_PRODUCTS_DIR)/GatherMultipleSingletons.app/$(BUNDLE_EXECUTABLE_FOLDER_PATH)/GatherMultipleSingletons";
			};
			name = Debug;
		};
		297A0FA32CFE09C40053EF7B /* Release */ = {
			isa = XCBuildConfiguration;
			buildSettings = {
				BUNDLE_LOADER = "$(TEST_HOST)";
				CODE_SIGN_STYLE = Automatic;
				CURRENT_PROJECT_VERSION = 1;
				DEVELOPMENT_TEAM = 7ZPDPWR8XU;
				GENERATE_INFOPLIST_FILE = YES;
				IPHONEOS_DEPLOYMENT_TARGET = 18.0;
				MARKETING_VERSION = 1.0;
				PRODUCT_BUNDLE_IDENTIFIER = jca.GatherMultipleSingletonsTests;
				PRODUCT_NAME = "$(TARGET_NAME)";
				SWIFT_EMIT_LOC_STRINGS = NO;
				SWIFT_VERSION = 5.0;
				TARGETED_DEVICE_FAMILY = "1,2";
				TEST_HOST = "$(BUILT_PRODUCTS_DIR)/GatherMultipleSingletons.app/$(BUNDLE_EXECUTABLE_FOLDER_PATH)/GatherMultipleSingletons";
			};
			name = Release;
		};
		297A0FA52CFE09C40053EF7B /* Debug */ = {
			isa = XCBuildConfiguration;
			buildSettings = {
				CODE_SIGN_STYLE = Automatic;
				CURRENT_PROJECT_VERSION = 1;
				DEVELOPMENT_TEAM = 7ZPDPWR8XU;
				GENERATE_INFOPLIST_FILE = YES;
				MARKETING_VERSION = 1.0;
				PRODUCT_BUNDLE_IDENTIFIER = jca.GatherMultipleSingletonsUITests;
				PRODUCT_NAME = "$(TARGET_NAME)";
				SWIFT_EMIT_LOC_STRINGS = NO;
				SWIFT_VERSION = 5.0;
				TARGETED_DEVICE_FAMILY = "1,2";
				TEST_TARGET_NAME = GatherMultipleSingletons;
			};
			name = Debug;
		};
		297A0FA62CFE09C40053EF7B /* Release */ = {
			isa = XCBuildConfiguration;
			buildSettings = {
				CODE_SIGN_STYLE = Automatic;
				CURRENT_PROJECT_VERSION = 1;
				DEVELOPMENT_TEAM = 7ZPDPWR8XU;
				GENERATE_INFOPLIST_FILE = YES;
				MARKETING_VERSION = 1.0;
				PRODUCT_BUNDLE_IDENTIFIER = jca.GatherMultipleSingletonsUITests;
				PRODUCT_NAME = "$(TARGET_NAME)";
				SWIFT_EMIT_LOC_STRINGS = NO;
				SWIFT_VERSION = 5.0;
				TARGETED_DEVICE_FAMILY = "1,2";
				TEST_TARGET_NAME = GatherMultipleSingletons;
			};
			name = Release;
		};
/* End XCBuildConfiguration section */

/* Begin XCConfigurationList section */
		297A0F752CFE09C20053EF7B /* Build configuration list for PBXProject "GatherMultipleSingletons" */ = {
			isa = XCConfigurationList;
			buildConfigurations = (
				297A0F9C2CFE09C40053EF7B /* Debug */,
				297A0F9D2CFE09C40053EF7B /* Release */,
			);
			defaultConfigurationIsVisible = 0;
			defaultConfigurationName = Release;
		};
		297A0F9E2CFE09C40053EF7B /* Build configuration list for PBXNativeTarget "GatherMultipleSingletons" */ = {
			isa = XCConfigurationList;
			buildConfigurations = (
				297A0F9F2CFE09C40053EF7B /* Debug */,
				297A0FA02CFE09C40053EF7B /* Release */,
			);
			defaultConfigurationIsVisible = 0;
			defaultConfigurationName = Release;
		};
		297A0FA12CFE09C40053EF7B /* Build configuration list for PBXNativeTarget "GatherMultipleSingletonsTests" */ = {
			isa = XCConfigurationList;
			buildConfigurations = (
				297A0FA22CFE09C40053EF7B /* Debug */,
				297A0FA32CFE09C40053EF7B /* Release */,
			);
			defaultConfigurationIsVisible = 0;
			defaultConfigurationName = Release;
		};
		297A0FA42CFE09C40053EF7B /* Build configuration list for PBXNativeTarget "GatherMultipleSingletonsUITests" */ = {
			isa = XCConfigurationList;
			buildConfigurations = (
				297A0FA52CFE09C40053EF7B /* Debug */,
				297A0FA62CFE09C40053EF7B /* Release */,
			);
			defaultConfigurationIsVisible = 0;
			defaultConfigurationName = Release;
		};
/* End XCConfigurationList section */
	};
	rootObject = 297A0F722CFE09C20053EF7B /* Project object */;
}
